
Microsoft Visual Studio Solution File, Format Version 12.00
# Visual Studio Version 17
VisualStudioVersion = 17.3.32929.385
MinimumVisualStudioVersion = 10.0.40219.1
Project("{FAE04EC0-301F-11D3-BF4B-00C04F79EFBC}") = "Greeting by Name", "Greeting by Name\Greeting by Name.csproj", "{09607A68-49BB-4EBB-B8AB-92376FCF86C2}"
EndProject
Global
	GlobalSection(SolutionConfigurationPlatforms) = preSolution
		Debug|Any CPU = Debug|Any CPU
		Release|Any CPU = Release|Any CPU
	EndGlobalSection
	GlobalSection(ProjectConfigurationPlatforms) = postSolution
		{09607A68-49BB-4EBB-B8AB-92376FCF86C2}.Debug|Any CPU.ActiveCfg = Debug|Any CPU
		{09607A68-49BB-4EBB-B8AB-92376FCF86C2}.Debug|Any CPU.Build.0 = Debug|Any CPU
		{09607A68-49BB-4EBB-B8AB-92376FCF86C2}.Release|Any CPU.ActiveCfg = Release|Any CPU
		{09607A68-49BB-4EBB-B8AB-92376FCF86C2}.Release|Any CPU.Build.0 = Release|Any CPU
	EndGlobalSection
	GlobalSection(SolutionProperties) = preSolution
		HideSolutionNode = FALSE
	EndGlobalSection
	GlobalSection(ExtensibilityGlobals) = postSolution
		SolutionGuid = {7A3A06F1-CDDF-4010-AD16-99109264A6BF}
	EndGlobalSection
EndGlobal
